
Microsoft Visual Studio Solution File, Format Version 12.00
# Visual Studio Version 17
VisualStudioVersion = 17.0.32112.339
MinimumVisualStudioVersion = 10.0.40219.1
Project("{FAE04EC0-301F-11D3-BF4B-00C04F79EFBC}") = "Domain", "BookStore\Domain\Domain.csproj", "{56C56F2B-A222-4702-97A4-F53C7E035B4C}"
EndProject
Project("{FAE04EC0-301F-11D3-BF4B-00C04F79EFBC}") = "Application", "BookStore\Application\Application.csproj", "{D85AE5F0-3622-4438-965C-9F26F07366AB}"
EndProject
Project("{FAE04EC0-301F-11D3-BF4B-00C04F79EFBC}") = "Infrastructure", "BookStore\Infrastructure\Infrastructure.csproj", "{E516B8CB-C82D-4256-8C77-25C47E81421F}"
EndProject
Project("{FAE04EC0-301F-11D3-BF4B-00C04F79EFBC}") = "Webapi", "BookStore\Webapi\Webapi.csproj", "{622CDE11-3F10-4834-8B46-8E565075C41C}"
EndProject
Project("{FAE04EC0-301F-11D3-BF4B-00C04F79EFBC}") = "XGenerator", "BookStore\XGenerator\XGenerator.csproj", "{FDF7AEC6-E36B-4947-9DE0-70A764418748}"
EndProject
Global
	GlobalSection(SolutionConfigurationPlatforms) = preSolution
		Debug|Any CPU = Debug|Any CPU
		Release|Any CPU = Release|Any CPU
	EndGlobalSection
	GlobalSection(ProjectConfigurationPlatforms) = postSolution
		{56C56F2B-A222-4702-97A4-F53C7E035B4C}.Debug|Any CPU.ActiveCfg = Debug|Any CPU
		{56C56F2B-A222-4702-97A4-F53C7E035B4C}.Debug|Any CPU.Build.0 = Debug|Any CPU
		{56C56F2B-A222-4702-97A4-F53C7E035B4C}.Release|Any CPU.ActiveCfg = Release|Any CPU
		{56C56F2B-A222-4702-97A4-F53C7E035B4C}.Release|Any CPU.Build.0 = Release|Any CPU
		{D85AE5F0-3622-4438-965C-9F26F07366AB}.Debug|Any CPU.ActiveCfg = Debug|Any CPU
		{D85AE5F0-3622-4438-965C-9F26F07366AB}.Debug|Any CPU.Build.0 = Debug|Any CPU
		{D85AE5F0-3622-4438-965C-9F26F07366AB}.Release|Any CPU.ActiveCfg = Release|Any CPU
		{D85AE5F0-3622-4438-965C-9F26F07366AB}.Release|Any CPU.Build.0 = Release|Any CPU
		{E516B8CB-C82D-4256-8C77-25C47E81421F}.Debug|Any CPU.ActiveCfg = Debug|Any CPU
		{E516B8CB-C82D-4256-8C77-25C47E81421F}.Debug|Any CPU.Build.0 = Debug|Any CPU
		{E516B8CB-C82D-4256-8C77-25C47E81421F}.Release|Any CPU.ActiveCfg = Release|Any CPU
		{E516B8CB-C82D-4256-8C77-25C47E81421F}.Release|Any CPU.Build.0 = Release|Any CPU
		{622CDE11-3F10-4834-8B46-8E565075C41C}.Debug|Any CPU.ActiveCfg = Debug|Any CPU
		{622CDE11-3F10-4834-8B46-8E565075C41C}.Debug|Any CPU.Build.0 = Debug|Any CPU
		{622CDE11-3F10-4834-8B46-8E565075C41C}.Release|Any CPU.ActiveCfg = Release|Any CPU
		{622CDE11-3F10-4834-8B46-8E565075C41C}.Release|Any CPU.Build.0 = Release|Any CPU
		{FDF7AEC6-E36B-4947-9DE0-70A764418748}.Debug|Any CPU.ActiveCfg = Debug|Any CPU
		{FDF7AEC6-E36B-4947-9DE0-70A764418748}.Debug|Any CPU.Build.0 = Debug|Any CPU
		{FDF7AEC6-E36B-4947-9DE0-70A764418748}.Release|Any CPU.ActiveCfg = Release|Any CPU
		{FDF7AEC6-E36B-4947-9DE0-70A764418748}.Release|Any CPU.Build.0 = Release|Any CPU
	EndGlobalSection
	GlobalSection(SolutionProperties) = preSolution
		HideSolutionNode = FALSE
	EndGlobalSection
	GlobalSection(ExtensibilityGlobals) = postSolution
		SolutionGuid = {F692051C-7B95-4315-BA20-E44C11866F43}
	EndGlobalSection
EndGlobal
